// !$*UTF8*$!
{
	archiveVersion = 1;
	classes = {
	};
	objectVersion = 46;
	objects = {

/* Begin PBXBuildFile section */
		9A9CE29B1B94AAA600E771B4 /* main.m in Sources */ = {isa = PBXBuildFile; fileRef = 9A9CE29A1B94AAA600E771B4 /* main.m */; };
		9A9CE29E1B94AAA600E771B4 /* AppDelegate.m in Sources */ = {isa = PBXBuildFile; fileRef = 9A9CE29D1B94AAA600E771B4 /* AppDelegate.m */; };
		9A9CE2A11B94AAA600E771B4 /* ViewController.m in Sources */ = {isa = PBXBuildFile; fileRef = 9A9CE2A01B94AAA600E771B4 /* ViewController.m */; };
		9A9CE2A41B94AAA600E771B4 /* Main.storyboard in Resources */ = {isa = PBXBuildFile; fileRef = 9A9CE2A21B94AAA600E771B4 /* Main.storyboard */; };
		9A9CE2A61B94AAA600E771B4 /* Images.xcassets in Resources */ = {isa = PBXBuildFile; fileRef = 9A9CE2A51B94AAA600E771B4 /* Images.xcassets */; };
		9A9CE2A91B94AAA600E771B4 /* LaunchScreen.xib in Resources */ = {isa = PBXBuildFile; fileRef = 9A9CE2A71B94AAA600E771B4 /* LaunchScreen.xib */; };
		9A9CE2B51B94AAA600E771B4 /* Animated_LabelTests.m in Sources */ = {isa = PBXBuildFile; fileRef = 9A9CE2B41B94AAA600E771B4 /* Animated_LabelTests.m */; };
		9A9CE2BF1B94B08000E771B4 /* Ring.mp4 in Resources */ = {isa = PBXBuildFile; fileRef = 9A9CE2BE1B94B08000E771B4 /* Ring.mp4 */; };
/* End PBXBuildFile section */

/* Begin PBXContainerItemProxy section */
		9A9CE2AF1B94AAA600E771B4 /* PBXContainerItemProxy */ = {
			isa = PBXContainerItemProxy;
			containerPortal = 9A9CE28D1B94AAA600E771B4 /* Project object */;
			proxyType = 1;
			remoteGlobalIDString = 9A9CE2941B94AAA600E771B4;
			remoteInfo = "Animated Label";
		};
/* End PBXContainerItemProxy section */

/* Begin PBXFileReference section */
		9A9CE2951B94AAA600E771B4 /* Ring Screen.app */ = {isa = PBXFileReference; explicitFileType = wrapper.application; includeInIndex = 0; path = "Ring Screen.app"; sourceTree = BUILT_PRODUCTS_DIR; };
		9A9CE2991B94AAA600E771B4 /* Info.plist */ = {isa = PBXFileReference; lastKnownFileType = text.plist.xml; path = Info.plist; sourceTree = "<group>"; };
		9A9CE29A1B94AAA600E771B4 /* main.m */ = {isa = PBXFileReference; lastKnownFileType = sourcecode.c.objc; path = main.m; sourceTree = "<group>"; };
		9A9CE29C1B94AAA600E771B4 /* AppDelegate.h */ = {isa = PBXFileReference; lastKnownFileType = sourcecode.c.h; path = AppDelegate.h; sourceTree = "<group>"; };
		9A9CE29D1B94AAA600E771B4 /* AppDelegate.m */ = {isa = PBXFileReference; lastKnownFileType = sourcecode.c.objc; path = AppDelegate.m; sourceTree = "<group>"; };
		9A9CE29F1B94AAA600E771B4 /* ViewController.h */ = {isa = PBXFileReference; lastKnownFileType = sourcecode.c.h; path = ViewController.h; sourceTree = "<group>"; };
		9A9CE2A01B94AAA600E771B4 /* ViewController.m */ = {isa = PBXFileReference; lastKnownFileType = sourcecode.c.objc; path = ViewController.m; sourceTree = "<group>"; };
		9A9CE2A31B94AAA600E771B4 /* Base */ = {isa = PBXFileReference; lastKnownFileType = file.storyboard; name = Base; path = Base.lproj/Main.storyboard; sourceTree = "<group>"; };
		9A9CE2A51B94AAA600E771B4 /* Images.xcassets */ = {isa = PBXFileReference; lastKnownFileType = folder.assetcatalog; path = Images.xcassets; sourceTree = "<group>"; };
		9A9CE2A81B94AAA600E771B4 /* Base */ = {isa = PBXFileReference; lastKnownFileType = file.xib; name = Base; path = Base.lproj/LaunchScreen.xib; sourceTree = "<group>"; };
		9A9CE2AE1B94AAA600E771B4 /* Ring ScreenTests.xctest */ = {isa = PBXFileReference; explicitFileType = wrapper.cfbundle; includeInIndex = 0; path = "Ring ScreenTests.xctest"; sourceTree = BUILT_PRODUCTS_DIR; };
		9A9CE2B31B94AAA600E771B4 /* Info.plist */ = {isa = PBXFileReference; lastKnownFileType = text.plist.xml; path = Info.plist; sourceTree = "<group>"; };
		9A9CE2B41B94AAA600E771B4 /* Animated_LabelTests.m */ = {isa = PBXFileReference; lastKnownFileType = sourcecode.c.objc; path = Animated_LabelTests.m; sourceTree = "<group>"; };
		9A9CE2BE1B94B08000E771B4 /* Ring.mp4 */ = {isa = PBXFileReference; lastKnownFileType = file; path = Ring.mp4; sourceTree = "<group>"; };
/* End PBXFileReference section */

/* Begin PBXFrameworksBuildPhase section */
		9A9CE2921B94AAA600E771B4 /* Frameworks */ = {
			isa = PBXFrameworksBuildPhase;
			buildActionMask = 2147483647;
			files = (
			);
			runOnlyForDeploymentPostprocessing = 0;
		};
		9A9CE2AB1B94AAA600E771B4 /* Frameworks */ = {
			isa = PBXFrameworksBuildPhase;
			buildActionMask = 2147483647;
			files = (
			);
			runOnlyForDeploymentPostprocessing = 0;
		};
/* End PBXFrameworksBuildPhase section */

/* Begin PBXGroup section */
		9A9CE28C1B94AAA600E771B4 = {
			isa = PBXGroup;
			children = (
				9A9CE2971B94AAA600E771B4 /* Animated Label */,
				9A9CE2B11B94AAA600E771B4 /* Animated LabelTests */,
				9A9CE2961B94AAA600E771B4 /* Products */,
			);
			sourceTree = "<group>";
		};
		9A9CE2961B94AAA600E771B4 /* Products */ = {
			isa = PBXGroup;
			children = (
				9A9CE2951B94AAA600E771B4 /* Ring Screen.app */,
				9A9CE2AE1B94AAA600E771B4 /* Ring ScreenTests.xctest */,
			);
			name = Products;
			sourceTree = "<group>";
		};
		9A9CE2971B94AAA600E771B4 /* Animated Label */ = {
			isa = PBXGroup;
			children = (
				9A9CE29C1B94AAA600E771B4 /* AppDelegate.h */,
				9A9CE29D1B94AAA600E771B4 /* AppDelegate.m */,
				9A9CE29F1B94AAA600E771B4 /* ViewController.h */,
				9A9CE2A01B94AAA600E771B4 /* ViewController.m */,
				9A9CE2A21B94AAA600E771B4 /* Main.storyboard */,
				9A9CE2A51B94AAA600E771B4 /* Images.xcassets */,
				9A9CE2A71B94AAA600E771B4 /* LaunchScreen.xib */,
				9A9CE2981B94AAA600E771B4 /* Supporting Files */,
			);
			path = "Animated Label";
			sourceTree = "<group>";
		};
		9A9CE2981B94AAA600E771B4 /* Supporting Files */ = {
			isa = PBXGroup;
			children = (
				9A9CE2BE1B94B08000E771B4 /* Ring.mp4 */,
				9A9CE2991B94AAA600E771B4 /* Info.plist */,
				9A9CE29A1B94AAA600E771B4 /* main.m */,
			);
			name = "Supporting Files";
			sourceTree = "<group>";
		};
		9A9CE2B11B94AAA600E771B4 /* Animated LabelTests */ = {
			isa = PBXGroup;
			children = (
				9A9CE2B41B94AAA600E771B4 /* Animated_LabelTests.m */,
				9A9CE2B21B94AAA600E771B4 /* Supporting Files */,
			);
			path = "Animated LabelTests";
			sourceTree = "<group>";
		};
		9A9CE2B21B94AAA600E771B4 /* Supporting Files */ = {
			isa = PBXGroup;
			children = (
				9A9CE2B31B94AAA600E771B4 /* Info.plist */,
			);
			name = "Supporting Files";
			sourceTree = "<group>";
		};
/* End PBXGroup section */

/* Begin PBXNativeTarget section */
		9A9CE2941B94AAA600E771B4 /* Ring Screen */ = {
			isa = PBXNativeTarget;
			buildConfigurationList = 9A9CE2B81B94AAA600E771B4 /* Build configuration list for PBXNativeTarget "Ring Screen" */;
			buildPhases = (
				9A9CE2911B94AAA600E771B4 /* Sources */,
				9A9CE2921B94AAA600E771B4 /* Frameworks */,
				9A9CE2931B94AAA600E771B4 /* Resources */,
			);
			buildRules = (
			);
			dependencies = (
			);
			name = "Ring Screen";
			productName = "Animated Label";
			productReference = 9A9CE2951B94AAA600E771B4 /* Ring Screen.app */;
			productType = "com.apple.product-type.application";
		};
		9A9CE2AD1B94AAA600E771B4 /* Ring ScreenTests */ = {
			isa = PBXNativeTarget;
			buildConfigurationList = 9A9CE2BB1B94AAA600E771B4 /* Build configuration list for PBXNativeTarget "Ring ScreenTests" */;
			buildPhases = (
				9A9CE2AA1B94AAA600E771B4 /* Sources */,
				9A9CE2AB1B94AAA600E771B4 /* Frameworks */,
				9A9CE2AC1B94AAA600E771B4 /* Resources */,
			);
			buildRules = (
			);
			dependencies = (
				9A9CE2B01B94AAA600E771B4 /* PBXTargetDependency */,
			);
			name = "Ring ScreenTests";
			productName = "Animated LabelTests";
			productReference = 9A9CE2AE1B94AAA600E771B4 /* Ring ScreenTests.xctest */;
			productType = "com.apple.product-type.bundle.unit-test";
		};
/* End PBXNativeTarget section */

/* Begin PBXProject section */
		9A9CE28D1B94AAA600E771B4 /* Project object */ = {
			isa = PBXProject;
			attributes = {
				LastUpgradeCheck = 0640;
				ORGANIZATIONNAME = macmini;
				TargetAttributes = {
					9A9CE2941B94AAA600E771B4 = {
						CreatedOnToolsVersion = 6.4;
					};
					9A9CE2AD1B94AAA600E771B4 = {
						CreatedOnToolsVersion = 6.4;
						TestTargetID = 9A9CE2941B94AAA600E771B4;
					};
				};
			};
			buildConfigurationList = 9A9CE2901B94AAA600E771B4 /* Build configuration list for PBXProject "Ring Screen" */;
			compatibilityVersion = "Xcode 3.2";
			developmentRegion = English;
			hasScannedForEncodings = 0;
			knownRegions = (
				en,
				Base,
			);
			mainGroup = 9A9CE28C1B94AAA600E771B4;
			productRefGroup = 9A9CE2961B94AAA600E771B4 /* Products */;
			projectDirPath = "";
			projectRoot = "";
			targets = (
				9A9CE2941B94AAA600E771B4 /* Ring Screen */,
				9A9CE2AD1B94AAA600E771B4 /* Ring ScreenTests */,
			);
		};
/* End PBXProject section */

/* Begin PBXResourcesBuildPhase section */
		9A9CE2931B94AAA600E771B4 /* Resources */ = {
			isa = PBXResourcesBuildPhase;
			buildActionMask = 2147483647;
			files = (
				9A9CE2BF1B94B08000E771B4 /* Ring.mp4 in Resources */,
				9A9CE2A41B94AAA600E771B4 /* Main.storyboard in Resources */,
				9A9CE2A91B94AAA600E771B4 /* LaunchScreen.xib in Resources */,
				9A9CE2A61B94AAA600E771B4 /* Images.xcassets in Resources */,
			);
			runOnlyForDeploymentPostprocessing = 0;
		};
		9A9CE2AC1B94AAA600E771B4 /* Resources */ = {
			isa = PBXResourcesBuildPhase;
			buildActionMask = 2147483647;
			files = (
			);
			runOnlyForDeploymentPostprocessing = 0;
		};
/* End PBXResourcesBuildPhase section */

/* Begin PBXSourcesBuildPhase section */
		9A9CE2911B94AAA600E771B4 /* Sources */ = {
			isa = PBXSourcesBuildPhase;
			buildActionMask = 2147483647;
			files = (
				9A9CE2A11B94AAA600E771B4 /* ViewController.m in Sources */,
				9A9CE29E1B94AAA600E771B4 /* AppDelegate.m in Sources */,
				9A9CE29B1B94AAA600E771B4 /* main.m in Sources */,
			);
			runOnlyForDeploymentPostprocessing = 0;
		};
		9A9CE2AA1B94AAA600E771B4 /* Sources */ = {
			isa = PBXSourcesBuildPhase;
			buildActionMask = 2147483647;
			files = (
				9A9CE2B51B94AAA600E771B4 /* Animated_LabelTests.m in Sources */,
			);
			runOnlyForDeploymentPostprocessing = 0;
		};
/* End PBXSourcesBuildPhase section */

/* Begin PBXTargetDependency section */
		9A9CE2B01B94AAA600E771B4 /* PBXTargetDependency */ = {
			isa = PBXTargetDependency;
			target = 9A9CE2941B94AAA600E771B4 /* Ring Screen */;
			targetProxy = 9A9CE2AF1B94AAA600E771B4 /* PBXContainerItemProxy */;
		};
/* End PBXTargetDependency section */

/* Begin PBXVariantGroup section */
		9A9CE2A21B94AAA600E771B4 /* Main.storyboard */ = {
			isa = PBXVariantGroup;
			children = (
				9A9CE2A31B94AAA600E771B4 /* Base */,
			);
			name = Main.storyboard;
			sourceTree = "<group>";
		};
		9A9CE2A71B94AAA600E771B4 /* LaunchScreen.xib */ = {
			isa = PBXVariantGroup;
			children = (
				9A9CE2A81B94AAA600E771B4 /* Base */,
			);
			name = LaunchScreen.xib;
			sourceTree = "<group>";
		};
/* End PBXVariantGroup section */

/* Begin XCBuildConfiguration section */
		9A9CE2B61B94AAA600E771B4 /* Debug */ = {
			isa = XCBuildConfiguration;
			buildSettings = {
				ALWAYS_SEARCH_USER_PATHS = NO;
				CLANG_CXX_LANGUAGE_STANDARD = "gnu++0x";
				CLANG_CXX_LIBRARY = "libc++";
				CLANG_ENABLE_MODULES = YES;
				CLANG_ENABLE_OBJC_ARC = YES;
				CLANG_WARN_BOOL_CONVERSION = YES;
				CLANG_WARN_CONSTANT_CONVERSION = YES;
				CLANG_WARN_DIRECT_OBJC_ISA_USAGE = YES_ERROR;
				CLANG_WARN_EMPTY_BODY = YES;
				CLANG_WARN_ENUM_CONVERSION = YES;
				CLANG_WARN_INT_CONVERSION = YES;
				CLANG_WARN_OBJC_ROOT_CLASS = YES_ERROR;
				CLANG_WARN_UNREACHABLE_CODE = YES;
				CLANG_WARN__DUPLICATE_METHOD_MATCH = YES;
				"CODE_SIGN_IDENTITY[sdk=iphoneos*]" = "iPhone Developer";
				COPY_PHASE_STRIP = NO;
				DEBUG_INFORMATION_FORMAT = "dwarf-with-dsym";
				ENABLE_STRICT_OBJC_MSGSEND = YES;
				GCC_C_LANGUAGE_STANDARD = gnu99;
				GCC_DYNAMIC_NO_PIC = NO;
				GCC_NO_COMMON_BLOCKS = YES;
				GCC_OPTIMIZATION_LEVEL = 0;
				GCC_PREPROCESSOR_DEFINITIONS = (
					"DEBUG=1",
					"$(inherited)",
				);
				GCC_SYMBOLS_PRIVATE_EXTERN = NO;
				GCC_WARN_64_TO_32_BIT_CONVERSION = YES;
				GCC_WARN_ABOUT_RETURN_TYPE = YES_ERROR;
				GCC_WARN_UNDECLARED_SELECTOR = YES;
				GCC_WARN_UNINITIALIZED_AUTOS = YES_AGGRESSIVE;
				GCC_WARN_UNUSED_FUNCTION = YES;
				GCC_WARN_UNUSED_VARIABLE = YES;
				IPHONEOS_DEPLOYMENT_TARGET = 8.4;
				MTL_ENABLE_DEBUG_INFO = YES;
				ONLY_ACTIVE_ARCH = YES;
				SDKROOT = iphoneos;
				TARGETED_DEVICE_FAMILY = "1,2";
			};
			name = Debug;
		};
		9A9CE2B71B94AAA600E771B4 /* Release */ = {
			isa = XCBuildConfiguration;
			buildSettings = {
				ALWAYS_SEARCH_USER_PATHS = NO;
				CLANG_CXX_LANGUAGE_STANDARD = "gnu++0x";
				CLANG_CXX_LIBRARY = "libc++";
				CLANG_ENABLE_MODULES = YES;
				CLANG_ENABLE_OBJC_ARC = YES;
				CLANG_WARN_BOOL_CONVERSION = YES;
				CLANG_WARN_CONSTANT_CONVERSION = YES;
				CLANG_WARN_DIRECT_OBJC_ISA_USAGE = YES_ERROR;
				CLANG_WARN_EMPTY_BODY = YES;
				CLANG_WARN_ENUM_CONVERSION = YES;
				CLANG_WARN_INT_CONVERSION = YES;
				CLANG_WARN_OBJC_ROOT_CLASS = YES_ERROR;
				CLANG_WARN_UNREACHABLE_CODE = YES;
				CLANG_WARN__DUPLICATE_METHOD_MATCH = YES;
				"CODE_SIGN_IDENTITY[sdk=iphoneos*]" = "iPhone Developer";
				COPY_PHASE_STRIP = NO;
				DEBUG_INFORMATION_FORMAT = "dwarf-with-dsym";
				ENABLE_NS_ASSERTIONS = NO;
				ENABLE_STRICT_OBJC_MSGSEND = YES;
				GCC_C_LANGUAGE_STANDARD = gnu99;
				GCC_NO_COMMON_BLOCKS = YES;
				GCC_WARN_64_TO_32_BIT_CONVERSION = YES;
				GCC_WARN_ABOUT_RETURN_TYPE = YES_ERROR;
				GCC_WARN_UNDECLARED_SELECTOR = YES;
				GCC_WARN_UNINITIALIZED_AUTOS = YES_AGGRESSIVE;
				GCC_WARN_UNUSED_FUNCTION = YES;
				GCC_WARN_UNUSED_VARIABLE = YES;
				IPHONEOS_DEPLOYMENT_TARGET = 8.4;
				MTL_ENABLE_DEBUG_INFO = NO;
				SDKROOT = iphoneos;
				TARGETED_DEVICE_FAMILY = "1,2";
				VALIDATE_PRODUCT = YES;
			};
			name = Release;
		};
		9A9CE2B91B94AAA600E771B4 /* Debug */ = {
			isa = XCBuildConfiguration;
			buildSettings = {
				ASSETCATALOG_COMPILER_APPICON_NAME = AppIcon;
				INFOPLIST_FILE = "Animated Label/Info.plist";
				LD_RUNPATH_SEARCH_PATHS = "$(inherited) @executable_path/Frameworks";
				PRODUCT_NAME = "Ring Screen";
			};
			name = Debug;
		};
		9A9CE2BA1B94AAA600E771B4 /* Release */ = {
			isa = XCBuildConfiguration;
			buildSettings = {
				ASSETCATALOG_COMPILER_APPICON_NAME = AppIcon;
				INFOPLIST_FILE = "Animated Label/Info.plist";
				LD_RUNPATH_SEARCH_PATHS = "$(inherited) @executable_path/Frameworks";
				PRODUCT_NAME = "Ring Screen";
			};
			name = Release;
		};
		9A9CE2BC1B94AAA600E771B4 /* Debug */ = {
			isa = XCBuildConfiguration;
			buildSettings = {
				BUNDLE_LOADER = "$(TEST_HOST)";
				FRAMEWORK_SEARCH_PATHS = (
					"$(SDKROOT)/Developer/Library/Frameworks",
					"$(inherited)",
				);
				GCC_PREPROCESSOR_DEFINITIONS = (
					"DEBUG=1",
					"$(inherited)",
				);
				INFOPLIST_FILE = "Animated LabelTests/Info.plist";
				LD_RUNPATH_SEARCH_PATHS = "$(inherited) @executable_path/Frameworks @loader_path/Frameworks";
				PRODUCT_NAME = "Ring ScreenTests";
				TEST_HOST = "$(BUILT_PRODUCTS_DIR)/Animated Label.app/Animated Label";
			};
			name = Debug;
		};
		9A9CE2BD1B94AAA600E771B4 /* Release */ = {
			isa = XCBuildConfiguration;
			buildSettings = {
				BUNDLE_LOADER = "$(TEST_HOST)";
				FRAMEWORK_SEARCH_PATHS = (
					"$(SDKROOT)/Developer/Library/Frameworks",
					"$(inherited)",
				);
				INFOPLIST_FILE = "Animated LabelTests/Info.plist";
				LD_RUNPATH_SEARCH_PATHS = "$(inherited) @executable_path/Frameworks @loader_path/Frameworks";
				PRODUCT_NAME = "Ring ScreenTests";
				TEST_HOST = "$(BUILT_PRODUCTS_DIR)/Animated Label.app/Animated Label";
			};
			name = Release;
		};
/* End XCBuildConfiguration section */

/* Begin XCConfigurationList section */
		9A9CE2901B94AAA600E771B4 /* Build configuration list for PBXProject "Ring Screen" */ = {
			isa = XCConfigurationList;
			buildConfigurations = (
				9A9CE2B61B94AAA600E771B4 /* Debug */,
				9A9CE2B71B94AAA600E771B4 /* Release */,
			);
			defaultConfigurationIsVisible = 0;
			defaultConfigurationName = Release;
		};
		9A9CE2B81B94AAA600E771B4 /* Build configuration list for PBXNativeTarget "Ring Screen" */ = {
			isa = XCConfigurationList;
			buildConfigurations = (
				9A9CE2B91B94AAA600E771B4 /* Debug */,
				9A9CE2BA1B94AAA600E771B4 /* Release */,
			);
			defaultConfigurationIsVisible = 0;
		};
		9A9CE2BB1B94AAA600E771B4 /* Build configuration list for PBXNativeTarget "Ring ScreenTests" */ = {
			isa = XCConfigurationList;
			buildConfigurations = (
				9A9CE2BC1B94AAA600E771B4 /* Debug */,
				9A9CE2BD1B94AAA600E771B4 /* Release */,
			);
			defaultConfigurationIsVisible = 0;
		};
/* End XCConfigurationList section */
	};
	rootObject = 9A9CE28D1B94AAA600E771B4 /* Project object */;
}
